
Microsoft Visual Studio Solution File, Format Version 12.00
# Visual Studio Version 16
VisualStudioVersion = 16.0.31321.278
MinimumVisualStudioVersion = 10.0.40219.1
Project("{FAE04EC0-301F-11D3-BF4B-00C04F79EFBC}") = "AspNetCore_GitDemo", "AspNetCore_GitDemo\AspNetCore_GitDemo.csproj", "{EC3A3061-15F6-470B-8027-1B55304DAD3C}"
EndProject
Global
	GlobalSection(SolutionConfigurationPlatforms) = preSolution
		Debug|Any CPU = Debug|Any CPU
		Release|Any CPU = Release|Any CPU
	EndGlobalSection
	GlobalSection(ProjectConfigurationPlatforms) = postSolution
		{EC3A3061-15F6-470B-8027-1B55304DAD3C}.Debug|Any CPU.ActiveCfg = Debug|Any CPU
		{EC3A3061-15F6-470B-8027-1B55304DAD3C}.Debug|Any CPU.Build.0 = Debug|Any CPU
		{EC3A3061-15F6-470B-8027-1B55304DAD3C}.Release|Any CPU.ActiveCfg = Release|Any CPU
		{EC3A3061-15F6-470B-8027-1B55304DAD3C}.Release|Any CPU.Build.0 = Release|Any CPU
	EndGlobalSection
	GlobalSection(SolutionProperties) = preSolution
		HideSolutionNode = FALSE
	EndGlobalSection
	GlobalSection(ExtensibilityGlobals) = postSolution
		SolutionGuid = {77DE8795-1377-49FB-88A6-D2A274A44D63}
	EndGlobalSection
EndGlobal
